
Microsoft Visual Studio Solution File, Format Version 12.00
# Visual Studio Version 17
VisualStudioVersion = 17.14.36121.58
MinimumVisualStudioVersion = 10.0.40219.1
Project("{FAE04EC0-301F-11D3-BF4B-00C04F79EFBC}") = "APICarros", "APIEstudos\APICarros.csproj", "{27C8E393-857F-46F4-ABF3-9A45E5F53FA9}"
EndProject
Global
	GlobalSection(SolutionConfigurationPlatforms) = preSolution
		Debug|Any CPU = Debug|Any CPU
		Release|Any CPU = Release|Any CPU
	EndGlobalSection
	GlobalSection(ProjectConfigurationPlatforms) = postSolution
		{27C8E393-857F-46F4-ABF3-9A45E5F53FA9}.Debug|Any CPU.ActiveCfg = Debug|Any CPU
		{27C8E393-857F-46F4-ABF3-9A45E5F53FA9}.Debug|Any CPU.Build.0 = Debug|Any CPU
		{27C8E393-857F-46F4-ABF3-9A45E5F53FA9}.Release|Any CPU.ActiveCfg = Release|Any CPU
		{27C8E393-857F-46F4-ABF3-9A45E5F53FA9}.Release|Any CPU.Build.0 = Release|Any CPU
	EndGlobalSection
	GlobalSection(SolutionProperties) = preSolution
		HideSolutionNode = FALSE
	EndGlobalSection
	GlobalSection(ExtensibilityGlobals) = postSolution
		SolutionGuid = {6FBDB56E-10B6-46F2-984B-AD48B7A17755}
	EndGlobalSection
EndGlobal
